
Microsoft Visual Studio Solution File, Format Version 12.00
# Visual Studio 15
VisualStudioVersion = 15.0.28307.168
MinimumVisualStudioVersion = 10.0.40219.1
Project("{FAE04EC0-301F-11D3-BF4B-00C04F79EFBC}") = "2019WCSD3354WEEK05", "2019WCSD3354WEEK05\2019WCSD3354WEEK05.csproj", "{08272889-3C76-400D-A963-DAE28A082366}"
EndProject
Global
	GlobalSection(SolutionConfigurationPlatforms) = preSolution
		Debug|Any CPU = Debug|Any CPU
		Release|Any CPU = Release|Any CPU
	EndGlobalSection
	GlobalSection(ProjectConfigurationPlatforms) = postSolution
		{08272889-3C76-400D-A963-DAE28A082366}.Debug|Any CPU.ActiveCfg = Debug|Any CPU
		{08272889-3C76-400D-A963-DAE28A082366}.Debug|Any CPU.Build.0 = Debug|Any CPU
		{08272889-3C76-400D-A963-DAE28A082366}.Release|Any CPU.ActiveCfg = Release|Any CPU
		{08272889-3C76-400D-A963-DAE28A082366}.Release|Any CPU.Build.0 = Release|Any CPU
	EndGlobalSection
	GlobalSection(SolutionProperties) = preSolution
		HideSolutionNode = FALSE
	EndGlobalSection
	GlobalSection(ExtensibilityGlobals) = postSolution
		SolutionGuid = {5A87B99D-CE41-407C-BB79-DE9A4D6B1D81}
	EndGlobalSection
EndGlobal
